
Microsoft Visual Studio Solution File, Format Version 12.00
# Visual Studio 15
VisualStudioVersion = 15.0.26403.7
MinimumVisualStudioVersion = 10.0.40219.1
Project("{FAE04EC0-301F-11D3-BF4B-00C04F79EFBC}") = "Problem 2. Knights of Honor", "Problem 2. Knights of Honor.csproj", "{4CF25646-E438-49C8-BEB7-C76927C25AD4}"
EndProject
Global
	GlobalSection(SolutionConfigurationPlatforms) = preSolution
		Debug|Any CPU = Debug|Any CPU
		Release|Any CPU = Release|Any CPU
	EndGlobalSection
	GlobalSection(ProjectConfigurationPlatforms) = postSolution
		{4CF25646-E438-49C8-BEB7-C76927C25AD4}.Debug|Any CPU.ActiveCfg = Debug|Any CPU
		{4CF25646-E438-49C8-BEB7-C76927C25AD4}.Debug|Any CPU.Build.0 = Debug|Any CPU
		{4CF25646-E438-49C8-BEB7-C76927C25AD4}.Release|Any CPU.ActiveCfg = Release|Any CPU
		{4CF25646-E438-49C8-BEB7-C76927C25AD4}.Release|Any CPU.Build.0 = Release|Any CPU
	EndGlobalSection
	GlobalSection(SolutionProperties) = preSolution
		HideSolutionNode = FALSE
	EndGlobalSection
EndGlobal
