
Microsoft Visual Studio Solution File, Format Version 12.00
# Visual Studio 15
VisualStudioVersion = 15.0.26403.7
MinimumVisualStudioVersion = 10.0.40219.1
Project("{FAE04EC0-301F-11D3-BF4B-00C04F79EFBC}") = "10.Simple Text Editor", "10.Simple Text Editor.csproj", "{7D5CFD78-075C-4B20-B8A3-999CB2745A82}"
EndProject
Global
	GlobalSection(SolutionConfigurationPlatforms) = preSolution
		Debug|Any CPU = Debug|Any CPU
		Release|Any CPU = Release|Any CPU
	EndGlobalSection
	GlobalSection(ProjectConfigurationPlatforms) = postSolution
		{7D5CFD78-075C-4B20-B8A3-999CB2745A82}.Debug|Any CPU.ActiveCfg = Debug|Any CPU
		{7D5CFD78-075C-4B20-B8A3-999CB2745A82}.Debug|Any CPU.Build.0 = Debug|Any CPU
		{7D5CFD78-075C-4B20-B8A3-999CB2745A82}.Release|Any CPU.ActiveCfg = Release|Any CPU
		{7D5CFD78-075C-4B20-B8A3-999CB2745A82}.Release|Any CPU.Build.0 = Release|Any CPU
	EndGlobalSection
	GlobalSection(SolutionProperties) = preSolution
		HideSolutionNode = FALSE
	EndGlobalSection
EndGlobal
