
Microsoft Visual Studio Solution File, Format Version 12.00
# Visual Studio 15
VisualStudioVersion = 15.0.26403.7
MinimumVisualStudioVersion = 10.0.40219.1
Project("{FAE04EC0-301F-11D3-BF4B-00C04F79EFBC}") = "Problem 3. Series of Letters", "Problem 3. Series of Letters.csproj", "{33B9045A-ACFA-471D-A127-66099D49B8EE}"
EndProject
Global
	GlobalSection(SolutionConfigurationPlatforms) = preSolution
		Debug|Any CPU = Debug|Any CPU
		Release|Any CPU = Release|Any CPU
	EndGlobalSection
	GlobalSection(ProjectConfigurationPlatforms) = postSolution
		{33B9045A-ACFA-471D-A127-66099D49B8EE}.Debug|Any CPU.ActiveCfg = Debug|Any CPU
		{33B9045A-ACFA-471D-A127-66099D49B8EE}.Debug|Any CPU.Build.0 = Debug|Any CPU
		{33B9045A-ACFA-471D-A127-66099D49B8EE}.Release|Any CPU.ActiveCfg = Release|Any CPU
		{33B9045A-ACFA-471D-A127-66099D49B8EE}.Release|Any CPU.Build.0 = Release|Any CPU
	EndGlobalSection
	GlobalSection(SolutionProperties) = preSolution
		HideSolutionNode = FALSE
	EndGlobalSection
EndGlobal
