
Microsoft Visual Studio Solution File, Format Version 12.00
# Visual Studio 15
VisualStudioVersion = 15.0.26403.7
MinimumVisualStudioVersion = 10.0.40219.1
Project("{FAE04EC0-301F-11D3-BF4B-00C04F79EFBC}") = "Problem 1 – Jedi Meditation", "Problem 1 – Jedi Meditation.csproj", "{967975B5-351A-4AB5-A77F-2498421FDBAB}"
EndProject
Global
	GlobalSection(SolutionConfigurationPlatforms) = preSolution
		Debug|Any CPU = Debug|Any CPU
		Release|Any CPU = Release|Any CPU
	EndGlobalSection
	GlobalSection(ProjectConfigurationPlatforms) = postSolution
		{967975B5-351A-4AB5-A77F-2498421FDBAB}.Debug|Any CPU.ActiveCfg = Debug|Any CPU
		{967975B5-351A-4AB5-A77F-2498421FDBAB}.Debug|Any CPU.Build.0 = Debug|Any CPU
		{967975B5-351A-4AB5-A77F-2498421FDBAB}.Release|Any CPU.ActiveCfg = Release|Any CPU
		{967975B5-351A-4AB5-A77F-2498421FDBAB}.Release|Any CPU.Build.0 = Release|Any CPU
	EndGlobalSection
	GlobalSection(SolutionProperties) = preSolution
		HideSolutionNode = FALSE
	EndGlobalSection
EndGlobal
